// !$*UTF8*$!
{
	archiveVersion = 1;
	classes = {
	};
	objectVersion = 46;
	objects = {

/* Begin PBXBuildFile section */
		2D08177B1D7EC204009DB4C3 /* searchModel.swift in Sources */ = {isa = PBXBuildFile; fileRef = 2D08177A1D7EC204009DB4C3 /* searchModel.swift */; };
		2D32744C1D7812480013BDB1 /* AppDelegate.swift in Sources */ = {isa = PBXBuildFile; fileRef = 2D32744B1D7812480013BDB1 /* AppDelegate.swift */; };
		2D32744E1D7812480013BDB1 /* ViewController.swift in Sources */ = {isa = PBXBuildFile; fileRef = 2D32744D1D7812480013BDB1 /* ViewController.swift */; };
		2D3274511D7812480013BDB1 /* Main.storyboard in Resources */ = {isa = PBXBuildFile; fileRef = 2D32744F1D7812480013BDB1 /* Main.storyboard */; };
		2D3274531D7812480013BDB1 /* Assets.xcassets in Resources */ = {isa = PBXBuildFile; fileRef = 2D3274521D7812480013BDB1 /* Assets.xcassets */; };
		2D3274561D7812480013BDB1 /* LaunchScreen.storyboard in Resources */ = {isa = PBXBuildFile; fileRef = 2D3274541D7812480013BDB1 /* LaunchScreen.storyboard */; };
		2D3274611D7812480013BDB1 /* MJDemoTests.swift in Sources */ = {isa = PBXBuildFile; fileRef = 2D3274601D7812480013BDB1 /* MJDemoTests.swift */; };
		2D32746C1D7812480013BDB1 /* MJDemoUITests.swift in Sources */ = {isa = PBXBuildFile; fileRef = 2D32746B1D7812480013BDB1 /* MJDemoUITests.swift */; };
		2D32747B1D782DBA0013BDB1 /* WOWRefreshHeader.swift in Sources */ = {isa = PBXBuildFile; fileRef = 2D32747A1D782DBA0013BDB1 /* WOWRefreshHeader.swift */; };
		2D32747D1D78308B0013BDB1 /* loadRefresh.gif in Resources */ = {isa = PBXBuildFile; fileRef = 2D32747C1D78308B0013BDB1 /* loadRefresh.gif */; };
		8D30077B7C765972DA556ED8 /* Pods_MJDemo.framework in Frameworks */ = {isa = PBXBuildFile; fileRef = 136DFC7B1F235CF263568387 /* Pods_MJDemo.framework */; };
/* End PBXBuildFile section */

/* Begin PBXContainerItemProxy section */
		2D32745D1D7812480013BDB1 /* PBXContainerItemProxy */ = {
			isa = PBXContainerItemProxy;
			containerPortal = 2D3274401D7812480013BDB1 /* Project object */;
			proxyType = 1;
			remoteGlobalIDString = 2D3274471D7812480013BDB1;
			remoteInfo = MJDemo;
		};
		2D3274681D7812480013BDB1 /* PBXContainerItemProxy */ = {
			isa = PBXContainerItemProxy;
			containerPortal = 2D3274401D7812480013BDB1 /* Project object */;
			proxyType = 1;
			remoteGlobalIDString = 2D3274471D7812480013BDB1;
			remoteInfo = MJDemo;
		};
/* End PBXContainerItemProxy section */

/* Begin PBXFileReference section */
		136DFC7B1F235CF263568387 /* Pods_MJDemo.framework */ = {isa = PBXFileReference; explicitFileType = wrapper.framework; includeInIndex = 0; path = Pods_MJDemo.framework; sourceTree = BUILT_PRODUCTS_DIR; };
		2D08177A1D7EC204009DB4C3 /* searchModel.swift */ = {isa = PBXFileReference; fileEncoding = 4; lastKnownFileType = sourcecode.swift; path = searchModel.swift; sourceTree = "<group>"; };
		2D3274481D7812480013BDB1 /* MJDemo.app */ = {isa = PBXFileReference; explicitFileType = wrapper.application; includeInIndex = 0; path = MJDemo.app; sourceTree = BUILT_PRODUCTS_DIR; };
		2D32744B1D7812480013BDB1 /* AppDelegate.swift */ = {isa = PBXFileReference; lastKnownFileType = sourcecode.swift; path = AppDelegate.swift; sourceTree = "<group>"; };
		2D32744D1D7812480013BDB1 /* ViewController.swift */ = {isa = PBXFileReference; lastKnownFileType = sourcecode.swift; path = ViewController.swift; sourceTree = "<group>"; };
		2D3274501D7812480013BDB1 /* Base */ = {isa = PBXFileReference; lastKnownFileType = file.storyboard; name = Base; path = Base.lproj/Main.storyboard; sourceTree = "<group>"; };
		2D3274521D7812480013BDB1 /* Assets.xcassets */ = {isa = PBXFileReference; lastKnownFileType = folder.assetcatalog; path = Assets.xcassets; sourceTree = "<group>"; };
		2D3274551D7812480013BDB1 /* Base */ = {isa = PBXFileReference; lastKnownFileType = file.storyboard; name = Base; path = Base.lproj/LaunchScreen.storyboard; sourceTree = "<group>"; };
		2D3274571D7812480013BDB1 /* Info.plist */ = {isa = PBXFileReference; lastKnownFileType = text.plist.xml; path = Info.plist; sourceTree = "<group>"; };
		2D32745C1D7812480013BDB1 /* MJDemoTests.xctest */ = {isa = PBXFileReference; explicitFileType = wrapper.cfbundle; includeInIndex = 0; path = MJDemoTests.xctest; sourceTree = BUILT_PRODUCTS_DIR; };
		2D3274601D7812480013BDB1 /* MJDemoTests.swift */ = {isa = PBXFileReference; lastKnownFileType = sourcecode.swift; path = MJDemoTests.swift; sourceTree = "<group>"; };
		2D3274621D7812480013BDB1 /* Info.plist */ = {isa = PBXFileReference; lastKnownFileType = text.plist.xml; path = Info.plist; sourceTree = "<group>"; };
		2D3274671D7812480013BDB1 /* MJDemoUITests.xctest */ = {isa = PBXFileReference; explicitFileType = wrapper.cfbundle; includeInIndex = 0; path = MJDemoUITests.xctest; sourceTree = BUILT_PRODUCTS_DIR; };
		2D32746B1D7812480013BDB1 /* MJDemoUITests.swift */ = {isa = PBXFileReference; lastKnownFileType = sourcecode.swift; path = MJDemoUITests.swift; sourceTree = "<group>"; };
		2D32746D1D7812480013BDB1 /* Info.plist */ = {isa = PBXFileReference; lastKnownFileType = text.plist.xml; path = Info.plist; sourceTree = "<group>"; };
		2D3274791D7828EA0013BDB1 /* MJDemo-Bridging-Header.h */ = {isa = PBXFileReference; lastKnownFileType = sourcecode.c.h; path = "MJDemo-Bridging-Header.h"; sourceTree = "<group>"; };
		2D32747A1D782DBA0013BDB1 /* WOWRefreshHeader.swift */ = {isa = PBXFileReference; fileEncoding = 4; lastKnownFileType = sourcecode.swift; path = WOWRefreshHeader.swift; sourceTree = "<group>"; };
		2D32747C1D78308B0013BDB1 /* loadRefresh.gif */ = {isa = PBXFileReference; lastKnownFileType = image.gif; path = loadRefresh.gif; sourceTree = "<group>"; };
		A2ECC5D8B4EF57F7275659FE /* Pods-MJDemo.release.xcconfig */ = {isa = PBXFileReference; includeInIndex = 1; lastKnownFileType = text.xcconfig; name = "Pods-MJDemo.release.xcconfig"; path = "Pods/Target Support Files/Pods-MJDemo/Pods-MJDemo.release.xcconfig"; sourceTree = "<group>"; };
		F7145F7DD4580F1627EB69BE /* Pods-MJDemo.debug.xcconfig */ = {isa = PBXFileReference; includeInIndex = 1; lastKnownFileType = text.xcconfig; name = "Pods-MJDemo.debug.xcconfig"; path = "Pods/Target Support Files/Pods-MJDemo/Pods-MJDemo.debug.xcconfig"; sourceTree = "<group>"; };
/* End PBXFileReference section */

/* Begin PBXFrameworksBuildPhase section */
		2D3274451D7812480013BDB1 /* Frameworks */ = {
			isa = PBXFrameworksBuildPhase;
			buildActionMask = 2147483647;
			files = (
				8D30077B7C765972DA556ED8 /* Pods_MJDemo.framework in Frameworks */,
			);
			runOnlyForDeploymentPostprocessing = 0;
		};
		2D3274591D7812480013BDB1 /* Frameworks */ = {
			isa = PBXFrameworksBuildPhase;
			buildActionMask = 2147483647;
			files = (
			);
			runOnlyForDeploymentPostprocessing = 0;
		};
		2D3274641D7812480013BDB1 /* Frameworks */ = {
			isa = PBXFrameworksBuildPhase;
			buildActionMask = 2147483647;
			files = (
			);
			runOnlyForDeploymentPostprocessing = 0;
		};
/* End PBXFrameworksBuildPhase section */

/* Begin PBXGroup section */
		2D32743F1D7812480013BDB1 = {
			isa = PBXGroup;
			children = (
				2D32744A1D7812480013BDB1 /* MJDemo */,
				2D32745F1D7812480013BDB1 /* MJDemoTests */,
				2D32746A1D7812480013BDB1 /* MJDemoUITests */,
				2D3274491D7812480013BDB1 /* Products */,
				4CD7143DB5ABF3A44FAB4760 /* Pods */,
				D71859975D5C13D97C92CC97 /* Frameworks */,
			);
			sourceTree = "<group>";
		};
		2D3274491D7812480013BDB1 /* Products */ = {
			isa = PBXGroup;
			children = (
				2D3274481D7812480013BDB1 /* MJDemo.app */,
				2D32745C1D7812480013BDB1 /* MJDemoTests.xctest */,
				2D3274671D7812480013BDB1 /* MJDemoUITests.xctest */,
			);
			name = Products;
			sourceTree = "<group>";
		};
		2D32744A1D7812480013BDB1 /* MJDemo */ = {
			isa = PBXGroup;
			children = (
				2D32744B1D7812480013BDB1 /* AppDelegate.swift */,
				2D32744D1D7812480013BDB1 /* ViewController.swift */,
				2D32747A1D782DBA0013BDB1 /* WOWRefreshHeader.swift */,
				2D08177A1D7EC204009DB4C3 /* searchModel.swift */,
				2D3274791D7828EA0013BDB1 /* MJDemo-Bridging-Header.h */,
				2D32744F1D7812480013BDB1 /* Main.storyboard */,
				2D3274521D7812480013BDB1 /* Assets.xcassets */,
				2D3274541D7812480013BDB1 /* LaunchScreen.storyboard */,
				2D32747C1D78308B0013BDB1 /* loadRefresh.gif */,
				2D3274571D7812480013BDB1 /* Info.plist */,
			);
			path = MJDemo;
			sourceTree = "<group>";
		};
		2D32745F1D7812480013BDB1 /* MJDemoTests */ = {
			isa = PBXGroup;
			children = (
				2D3274601D7812480013BDB1 /* MJDemoTests.swift */,
				2D3274621D7812480013BDB1 /* Info.plist */,
			);
			path = MJDemoTests;
			sourceTree = "<group>";
		};
		2D32746A1D7812480013BDB1 /* MJDemoUITests */ = {
			isa = PBXGroup;
			children = (
				2D32746B1D7812480013BDB1 /* MJDemoUITests.swift */,
				2D32746D1D7812480013BDB1 /* Info.plist */,
			);
			path = MJDemoUITests;
			sourceTree = "<group>";
		};
		4CD7143DB5ABF3A44FAB4760 /* Pods */ = {
			isa = PBXGroup;
			children = (
				F7145F7DD4580F1627EB69BE /* Pods-MJDemo.debug.xcconfig */,
				A2ECC5D8B4EF57F7275659FE /* Pods-MJDemo.release.xcconfig */,
			);
			name = Pods;
			sourceTree = "<group>";
		};
		D71859975D5C13D97C92CC97 /* Frameworks */ = {
			isa = PBXGroup;
			children = (
				136DFC7B1F235CF263568387 /* Pods_MJDemo.framework */,
			);
			name = Frameworks;
			sourceTree = "<group>";
		};
/* End PBXGroup section */

/* Begin PBXNativeTarget section */
		2D3274471D7812480013BDB1 /* MJDemo */ = {
			isa = PBXNativeTarget;
			buildConfigurationList = 2D3274701D7812480013BDB1 /* Build configuration list for PBXNativeTarget "MJDemo" */;
			buildPhases = (
				AB8C67AED75E9A27CE4F76C5 /* [CP] Check Pods Manifest.lock */,
				2D3274441D7812480013BDB1 /* Sources */,
				2D3274451D7812480013BDB1 /* Frameworks */,
				2D3274461D7812480013BDB1 /* Resources */,
				B3D012A49C77010936634156 /* [CP] Embed Pods Frameworks */,
				B0702781ED834341A285CCAF /* [CP] Copy Pods Resources */,
			);
			buildRules = (
			);
			dependencies = (
			);
			name = MJDemo;
			productName = MJDemo;
			productReference = 2D3274481D7812480013BDB1 /* MJDemo.app */;
			productType = "com.apple.product-type.application";
		};
		2D32745B1D7812480013BDB1 /* MJDemoTests */ = {
			isa = PBXNativeTarget;
			buildConfigurationList = 2D3274731D7812480013BDB1 /* Build configuration list for PBXNativeTarget "MJDemoTests" */;
			buildPhases = (
				2D3274581D7812480013BDB1 /* Sources */,
				2D3274591D7812480013BDB1 /* Frameworks */,
				2D32745A1D7812480013BDB1 /* Resources */,
			);
			buildRules = (
			);
			dependencies = (
				2D32745E1D7812480013BDB1 /* PBXTargetDependency */,
			);
			name = MJDemoTests;
			productName = MJDemoTests;
			productReference = 2D32745C1D7812480013BDB1 /* MJDemoTests.xctest */;
			productType = "com.apple.product-type.bundle.unit-test";
		};
		2D3274661D7812480013BDB1 /* MJDemoUITests */ = {
			isa = PBXNativeTarget;
			buildConfigurationList = 2D3274761D7812480013BDB1 /* Build configuration list for PBXNativeTarget "MJDemoUITests" */;
			buildPhases = (
				2D3274631D7812480013BDB1 /* Sources */,
				2D3274641D7812480013BDB1 /* Frameworks */,
				2D3274651D7812480013BDB1 /* Resources */,
			);
			buildRules = (
			);
			dependencies = (
				2D3274691D7812480013BDB1 /* PBXTargetDependency */,
			);
			name = MJDemoUITests;
			productName = MJDemoUITests;
			productReference = 2D3274671D7812480013BDB1 /* MJDemoUITests.xctest */;
			productType = "com.apple.product-type.bundle.ui-testing";
		};
/* End PBXNativeTarget section */

/* Begin PBXProject section */
		2D3274401D7812480013BDB1 /* Project object */ = {
			isa = PBXProject;
			attributes = {
				LastSwiftUpdateCheck = 0730;
				LastUpgradeCheck = 0730;
				ORGANIZATIONNAME = "陈旭";
				TargetAttributes = {
					2D3274471D7812480013BDB1 = {
						CreatedOnToolsVersion = 7.3.1;
						DevelopmentTeam = VSWKQE5HA8;
					};
					2D32745B1D7812480013BDB1 = {
						CreatedOnToolsVersion = 7.3.1;
						DevelopmentTeam = VSWKQE5HA8;
						TestTargetID = 2D3274471D7812480013BDB1;
					};
					2D3274661D7812480013BDB1 = {
						CreatedOnToolsVersion = 7.3.1;
						DevelopmentTeam = VSWKQE5HA8;
						TestTargetID = 2D3274471D7812480013BDB1;
					};
				};
			};
			buildConfigurationList = 2D3274431D7812480013BDB1 /* Build configuration list for PBXProject "MJDemo" */;
			compatibilityVersion = "Xcode 3.2";
			developmentRegion = English;
			hasScannedForEncodings = 0;
			knownRegions = (
				en,
				Base,
			);
			mainGroup = 2D32743F1D7812480013BDB1;
			productRefGroup = 2D3274491D7812480013BDB1 /* Products */;
			projectDirPath = "";
			projectRoot = "";
			targets = (
				2D3274471D7812480013BDB1 /* MJDemo */,
				2D32745B1D7812480013BDB1 /* MJDemoTests */,
				2D3274661D7812480013BDB1 /* MJDemoUITests */,
			);
		};
/* End PBXProject section */

/* Begin PBXResourcesBuildPhase section */
		2D3274461D7812480013BDB1 /* Resources */ = {
			isa = PBXResourcesBuildPhase;
			buildActionMask = 2147483647;
			files = (
				2D3274561D7812480013BDB1 /* LaunchScreen.storyboard in Resources */,
				2D3274531D7812480013BDB1 /* Assets.xcassets in Resources */,
				2D32747D1D78308B0013BDB1 /* loadRefresh.gif in Resources */,
				2D3274511D7812480013BDB1 /* Main.storyboard in Resources */,
			);
			runOnlyForDeploymentPostprocessing = 0;
		};
		2D32745A1D7812480013BDB1 /* Resources */ = {
			isa = PBXResourcesBuildPhase;
			buildActionMask = 2147483647;
			files = (
			);
			runOnlyForDeploymentPostprocessing = 0;
		};
		2D3274651D7812480013BDB1 /* Resources */ = {
			isa = PBXResourcesBuildPhase;
			buildActionMask = 2147483647;
			files = (
			);
			runOnlyForDeploymentPostprocessing = 0;
		};
/* End PBXResourcesBuildPhase section */

/* Begin PBXShellScriptBuildPhase section */
		AB8C67AED75E9A27CE4F76C5 /* [CP] Check Pods Manifest.lock */ = {
			isa = PBXShellScriptBuildPhase;
			buildActionMask = 2147483647;
			files = (
			);
			inputPaths = (
			);
			name = "[CP] Check Pods Manifest.lock";
			outputPaths = (
			);
			runOnlyForDeploymentPostprocessing = 0;
			shellPath = /bin/sh;
			shellScript = "diff \"${PODS_ROOT}/../Podfile.lock\" \"${PODS_ROOT}/Manifest.lock\" > /dev/null\nif [[ $? != 0 ]] ; then\n    cat << EOM\nerror: The sandbox is not in sync with the Podfile.lock. Run 'pod install' or update your CocoaPods installation.\nEOM\n    exit 1\nfi\n";
			showEnvVarsInLog = 0;
		};
		B0702781ED834341A285CCAF /* [CP] Copy Pods Resources */ = {
			isa = PBXShellScriptBuildPhase;
			buildActionMask = 2147483647;
			files = (
			);
			inputPaths = (
			);
			name = "[CP] Copy Pods Resources";
			outputPaths = (
			);
			runOnlyForDeploymentPostprocessing = 0;
			shellPath = /bin/sh;
			shellScript = "\"${SRCROOT}/Pods/Target Support Files/Pods-MJDemo/Pods-MJDemo-resources.sh\"\n";
			showEnvVarsInLog = 0;
		};
		B3D012A49C77010936634156 /* [CP] Embed Pods Frameworks */ = {
			isa = PBXShellScriptBuildPhase;
			buildActionMask = 2147483647;
			files = (
			);
			inputPaths = (
			);
			name = "[CP] Embed Pods Frameworks";
			outputPaths = (
			);
			runOnlyForDeploymentPostprocessing = 0;
			shellPath = /bin/sh;
			shellScript = "\"${SRCROOT}/Pods/Target Support Files/Pods-MJDemo/Pods-MJDemo-frameworks.sh\"\n";
			showEnvVarsInLog = 0;
		};
/* End PBXShellScriptBuildPhase section */

/* Begin PBXSourcesBuildPhase section */
		2D3274441D7812480013BDB1 /* Sources */ = {
			isa = PBXSourcesBuildPhase;
			buildActionMask = 2147483647;
			files = (
				2D32744E1D7812480013BDB1 /* ViewController.swift in Sources */,
				2D32744C1D7812480013BDB1 /* AppDelegate.swift in Sources */,
				2D32747B1D782DBA0013BDB1 /* WOWRefreshHeader.swift in Sources */,
				2D08177B1D7EC204009DB4C3 /* searchModel.swift in Sources */,
			);
			runOnlyForDeploymentPostprocessing = 0;
		};
		2D3274581D7812480013BDB1 /* Sources */ = {
			isa = PBXSourcesBuildPhase;
			buildActionMask = 2147483647;
			files = (
				2D3274611D7812480013BDB1 /* MJDemoTests.swift in Sources */,
			);
			runOnlyForDeploymentPostprocessing = 0;
		};
		2D3274631D7812480013BDB1 /* Sources */ = {
			isa = PBXSourcesBuildPhase;
			buildActionMask = 2147483647;
			files = (
				2D32746C1D7812480013BDB1 /* MJDemoUITests.swift in Sources */,
			);
			runOnlyForDeploymentPostprocessing = 0;
		};
/* End PBXSourcesBuildPhase section */

/* Begin PBXTargetDependency section */
		2D32745E1D7812480013BDB1 /* PBXTargetDependency */ = {
			isa = PBXTargetDependency;
			target = 2D3274471D7812480013BDB1 /* MJDemo */;
			targetProxy = 2D32745D1D7812480013BDB1 /* PBXContainerItemProxy */;
		};
		2D3274691D7812480013BDB1 /* PBXTargetDependency */ = {
			isa = PBXTargetDependency;
			target = 2D3274471D7812480013BDB1 /* MJDemo */;
			targetProxy = 2D3274681D7812480013BDB1 /* PBXContainerItemProxy */;
		};
/* End PBXTargetDependency section */

/* Begin PBXVariantGroup section */
		2D32744F1D7812480013BDB1 /* Main.storyboard */ = {
			isa = PBXVariantGroup;
			children = (
				2D3274501D7812480013BDB1 /* Base */,
			);
			name = Main.storyboard;
			sourceTree = "<group>";
		};
		2D3274541D7812480013BDB1 /* LaunchScreen.storyboard */ = {
			isa = PBXVariantGroup;
			children = (
				2D3274551D7812480013BDB1 /* Base */,
			);
			name = LaunchScreen.storyboard;
			sourceTree = "<group>";
		};
/* End PBXVariantGroup section */

/* Begin XCBuildConfiguration section */
		2D32746E1D7812480013BDB1 /* Debug */ = {
			isa = XCBuildConfiguration;
			buildSettings = {
				ALWAYS_SEARCH_USER_PATHS = NO;
				CLANG_ANALYZER_NONNULL = YES;
				CLANG_CXX_LANGUAGE_STANDARD = "gnu++0x";
				CLANG_CXX_LIBRARY = "libc++";
				CLANG_ENABLE_MODULES = YES;
				CLANG_ENABLE_OBJC_ARC = YES;
				CLANG_WARN_BOOL_CONVERSION = YES;
				CLANG_WARN_CONSTANT_CONVERSION = YES;
				CLANG_WARN_DIRECT_OBJC_ISA_USAGE = YES_ERROR;
				CLANG_WARN_EMPTY_BODY = YES;
				CLANG_WARN_ENUM_CONVERSION = YES;
				CLANG_WARN_INT_CONVERSION = YES;
				CLANG_WARN_OBJC_ROOT_CLASS = YES_ERROR;
				CLANG_WARN_UNREACHABLE_CODE = YES;
				CLANG_WARN__DUPLICATE_METHOD_MATCH = YES;
				"CODE_SIGN_IDENTITY[sdk=iphoneos*]" = "iPhone Developer";
				COPY_PHASE_STRIP = NO;
				DEBUG_INFORMATION_FORMAT = dwarf;
				ENABLE_STRICT_OBJC_MSGSEND = YES;
				ENABLE_TESTABILITY = YES;
				GCC_C_LANGUAGE_STANDARD = gnu99;
				GCC_DYNAMIC_NO_PIC = NO;
				GCC_NO_COMMON_BLOCKS = YES;
				GCC_OPTIMIZATION_LEVEL = 0;
				GCC_PREPROCESSOR_DEFINITIONS = (
					"DEBUG=1",
					"$(inherited)",
				);
				GCC_WARN_64_TO_32_BIT_CONVERSION = YES;
				GCC_WARN_ABOUT_RETURN_TYPE = YES_ERROR;
				GCC_WARN_UNDECLARED_SELECTOR = YES;
				GCC_WARN_UNINITIALIZED_AUTOS = YES_AGGRESSIVE;
				GCC_WARN_UNUSED_FUNCTION = YES;
				GCC_WARN_UNUSED_VARIABLE = YES;
				IPHONEOS_DEPLOYMENT_TARGET = 9.3;
				MTL_ENABLE_DEBUG_INFO = YES;
				ONLY_ACTIVE_ARCH = YES;
				SDKROOT = iphoneos;
				SWIFT_OPTIMIZATION_LEVEL = "-Onone";
			};
			name = Debug;
		};
		2D32746F1D7812480013BDB1 /* Release */ = {
			isa = XCBuildConfiguration;
			buildSettings = {
				ALWAYS_SEARCH_USER_PATHS = NO;
				CLANG_ANALYZER_NONNULL = YES;
				CLANG_CXX_LANGUAGE_STANDARD = "gnu++0x";
				CLANG_CXX_LIBRARY = "libc++";
				CLANG_ENABLE_MODULES = YES;
				CLANG_ENABLE_OBJC_ARC = YES;
				CLANG_WARN_BOOL_CONVERSION = YES;
				CLANG_WARN_CONSTANT_CONVERSION = YES;
				CLANG_WARN_DIRECT_OBJC_ISA_USAGE = YES_ERROR;
				CLANG_WARN_EMPTY_BODY = YES;
				CLANG_WARN_ENUM_CONVERSION = YES;
				CLANG_WARN_INT_CONVERSION = YES;
				CLANG_WARN_OBJC_ROOT_CLASS = YES_ERROR;
				CLANG_WARN_UNREACHABLE_CODE = YES;
				CLANG_WARN__DUPLICATE_METHOD_MATCH = YES;
				"CODE_SIGN_IDENTITY[sdk=iphoneos*]" = "iPhone Developer";
				COPY_PHASE_STRIP = NO;
				DEBUG_INFORMATION_FORMAT = "dwarf-with-dsym";
				ENABLE_NS_ASSERTIONS = NO;
				ENABLE_STRICT_OBJC_MSGSEND = YES;
				GCC_C_LANGUAGE_STANDARD = gnu99;
				GCC_NO_COMMON_BLOCKS = YES;
				GCC_WARN_64_TO_32_BIT_CONVERSION = YES;
				GCC_WARN_ABOUT_RETURN_TYPE = YES_ERROR;
				GCC_WARN_UNDECLARED_SELECTOR = YES;
				GCC_WARN_UNINITIALIZED_AUTOS = YES_AGGRESSIVE;
				GCC_WARN_UNUSED_FUNCTION = YES;
				GCC_WARN_UNUSED_VARIABLE = YES;
				IPHONEOS_DEPLOYMENT_TARGET = 9.3;
				MTL_ENABLE_DEBUG_INFO = NO;
				SDKROOT = iphoneos;
				VALIDATE_PRODUCT = YES;
			};
			name = Release;
		};
		2D3274711D7812480013BDB1 /* Debug */ = {
			isa = XCBuildConfiguration;
			baseConfigurationReference = F7145F7DD4580F1627EB69BE /* Pods-MJDemo.debug.xcconfig */;
			buildSettings = {
				ASSETCATALOG_COMPILER_APPICON_NAME = AppIcon;
				INFOPLIST_FILE = MJDemo/Info.plist;
				LD_RUNPATH_SEARCH_PATHS = "$(inherited) @executable_path/Frameworks";
				PRODUCT_BUNDLE_IDENTIFIER = WOW.MJDemo;
				PRODUCT_NAME = "$(TARGET_NAME)";
				SWIFT_OBJC_BRIDGING_HEADER = "MJDemo/MJDemo-Bridging-Header.h";
			};
			name = Debug;
		};
		2D3274721D7812480013BDB1 /* Release */ = {
			isa = XCBuildConfiguration;
			baseConfigurationReference = A2ECC5D8B4EF57F7275659FE /* Pods-MJDemo.release.xcconfig */;
			buildSettings = {
				ASSETCATALOG_COMPILER_APPICON_NAME = AppIcon;
				INFOPLIST_FILE = MJDemo/Info.plist;
				LD_RUNPATH_SEARCH_PATHS = "$(inherited) @executable_path/Frameworks";
				PRODUCT_BUNDLE_IDENTIFIER = WOW.MJDemo;
				PRODUCT_NAME = "$(TARGET_NAME)";
				SWIFT_OBJC_BRIDGING_HEADER = "MJDemo/MJDemo-Bridging-Header.h";
			};
			name = Release;
		};
		2D3274741D7812480013BDB1 /* Debug */ = {
			isa = XCBuildConfiguration;
			buildSettings = {
				BUNDLE_LOADER = "$(TEST_HOST)";
				INFOPLIST_FILE = MJDemoTests/Info.plist;
				LD_RUNPATH_SEARCH_PATHS = "$(inherited) @executable_path/Frameworks @loader_path/Frameworks";
				PRODUCT_BUNDLE_IDENTIFIER = WOW.MJDemoTests;
				PRODUCT_NAME = "$(TARGET_NAME)";
				TEST_HOST = "$(BUILT_PRODUCTS_DIR)/MJDemo.app/MJDemo";
			};
			name = Debug;
		};
		2D3274751D7812480013BDB1 /* Release */ = {
			isa = XCBuildConfiguration;
			buildSettings = {
				BUNDLE_LOADER = "$(TEST_HOST)";
				INFOPLIST_FILE = MJDemoTests/Info.plist;
				LD_RUNPATH_SEARCH_PATHS = "$(inherited) @executable_path/Frameworks @loader_path/Frameworks";
				PRODUCT_BUNDLE_IDENTIFIER = WOW.MJDemoTests;
				PRODUCT_NAME = "$(TARGET_NAME)";
				TEST_HOST = "$(BUILT_PRODUCTS_DIR)/MJDemo.app/MJDemo";
			};
			name = Release;
		};
		2D3274771D7812480013BDB1 /* Debug */ = {
			isa = XCBuildConfiguration;
			buildSettings = {
				INFOPLIST_FILE = MJDemoUITests/Info.plist;
				LD_RUNPATH_SEARCH_PATHS = "$(inherited) @executable_path/Frameworks @loader_path/Frameworks";
				PRODUCT_BUNDLE_IDENTIFIER = WOW.MJDemoUITests;
				PRODUCT_NAME = "$(TARGET_NAME)";
				TEST_TARGET_NAME = MJDemo;
			};
			name = Debug;
		};
		2D3274781D7812480013BDB1 /* Release */ = {
			isa = XCBuildConfiguration;
			buildSettings = {
				INFOPLIST_FILE = MJDemoUITests/Info.plist;
				LD_RUNPATH_SEARCH_PATHS = "$(inherited) @executable_path/Frameworks @loader_path/Frameworks";
				PRODUCT_BUNDLE_IDENTIFIER = WOW.MJDemoUITests;
				PRODUCT_NAME = "$(TARGET_NAME)";
				TEST_TARGET_NAME = MJDemo;
			};
			name = Release;
		};
/* End XCBuildConfiguration section */

/* Begin XCConfigurationList section */
		2D3274431D7812480013BDB1 /* Build configuration list for PBXProject "MJDemo" */ = {
			isa = XCConfigurationList;
			buildConfigurations = (
				2D32746E1D7812480013BDB1 /* Debug */,
				2D32746F1D7812480013BDB1 /* Release */,
			);
			defaultConfigurationIsVisible = 0;
			defaultConfigurationName = Release;
		};
		2D3274701D7812480013BDB1 /* Build configuration list for PBXNativeTarget "MJDemo" */ = {
			isa = XCConfigurationList;
			buildConfigurations = (
				2D3274711D7812480013BDB1 /* Debug */,
				2D3274721D7812480013BDB1 /* Release */,
			);
			defaultConfigurationIsVisible = 0;
			defaultConfigurationName = Release;
		};
		2D3274731D7812480013BDB1 /* Build configuration list for PBXNativeTarget "MJDemoTests" */ = {
			isa = XCConfigurationList;
			buildConfigurations = (
				2D3274741D7812480013BDB1 /* Debug */,
				2D3274751D7812480013BDB1 /* Release */,
			);
			defaultConfigurationIsVisible = 0;
			defaultConfigurationName = Release;
		};
		2D3274761D7812480013BDB1 /* Build configuration list for PBXNativeTarget "MJDemoUITests" */ = {
			isa = XCConfigurationList;
			buildConfigurations = (
				2D3274771D7812480013BDB1 /* Debug */,
				2D3274781D7812480013BDB1 /* Release */,
			);
			defaultConfigurationIsVisible = 0;
			defaultConfigurationName = Release;
		};
/* End XCConfigurationList section */
	};
	rootObject = 2D3274401D7812480013BDB1 /* Project object */;
}
